{
  "name": "projekt-galerie",
  "version": "1.0.0",
  "lockfileVersion": 2,
  "requires": true,
  "packages": {
    "": {
      "name": "projekt-galerie",
      "version": "1.0.0",
      "license": "ISC",
      "dependencies": {
        "dotenv": "^10.0.0",
        "simple-json-db": "^1.2.3"
      }
    },
    "node_modules/dotenv": {
      "version": "10.0.0",
      "resolved": "https://registry.npmjs.org/dotenv/-/dotenv-10.0.0.tgz",
      "integrity": "sha512-rlBi9d8jpv9Sf1klPjNfFAuWDjKLwTIJJ/VxtoTwIR6hnZxcEOQCZg2oIL3MWBYw5GpUDKOEnND7LXTbIpQ03Q==",
      "engines": {
        "node": ">=10"
      }
    },
    "node_modules/simple-json-db": {
      "version": "1.2.3",
      "resolved": "https://registry.npmjs.org/simple-json-db/-/simple-json-db-1.2.3.tgz",
      "integrity": "sha512-eL8u7YkcHidSaUvmolPooTPjxvMYd+IglSaxjnf13Tg1KQXcpoXlLOa38n4LillfQhgJuCgmUbCYERPl5fmY+w==",
      "engines": {
        "node": ">=6.0"
      }
    }
  },
  "dependencies": {
    "dotenv": {
      "version": "10.0.0",
      "resolved": "https://registry.npmjs.org/dotenv/-/dotenv-10.0.0.tgz",
      "integrity": "sha512-rlBi9d8jpv9Sf1klPjNfFAuWDjKLwTIJJ/VxtoTwIR6hnZxcEOQCZg2oIL3MWBYw5GpUDKOEnND7LXTbIpQ03Q=="
    },
    "simple-json-db": {
      "version": "1.2.3",
      "resolved": "https://registry.npmjs.org/simple-json-db/-/simple-json-db-1.2.3.tgz",
      "integrity": "sha512-eL8u7YkcHidSaUvmolPooTPjxvMYd+IglSaxjnf13Tg1KQXcpoXlLOa38n4LillfQhgJuCgmUbCYERPl5fmY+w=="
    }
  }
}
